
Microsoft Visual Studio Solution File, Format Version 12.00
# Visual Studio Version 17
VisualStudioVersion = 17.7.34024.191
MinimumVisualStudioVersion = 10.0.40219.1
Project("{FAE04EC0-301F-11D3-BF4B-00C04F79EFBC}") = "ParkingRegistration", "ParkingRegistration.csproj", "{83EDE65F-3CDB-418C-A404-9626212B4AAE}"
EndProject
Global
	GlobalSection(SolutionConfigurationPlatforms) = preSolution
		Debug|Any CPU = Debug|Any CPU
		Release|Any CPU = Release|Any CPU
	EndGlobalSection
	GlobalSection(ProjectConfigurationPlatforms) = postSolution
		{83EDE65F-3CDB-418C-A404-9626212B4AAE}.Debug|Any CPU.ActiveCfg = Debug|Any CPU
		{83EDE65F-3CDB-418C-A404-9626212B4AAE}.Debug|Any CPU.Build.0 = Debug|Any CPU
		{83EDE65F-3CDB-418C-A404-9626212B4AAE}.Release|Any CPU.ActiveCfg = Release|Any CPU
		{83EDE65F-3CDB-418C-A404-9626212B4AAE}.Release|Any CPU.Build.0 = Release|Any CPU
	EndGlobalSection
	GlobalSection(SolutionProperties) = preSolution
		HideSolutionNode = FALSE
	EndGlobalSection
	GlobalSection(ExtensibilityGlobals) = postSolution
		SolutionGuid = {6C8FEE8E-F31F-4C6B-A2F7-3A1F08E6BB53}
	EndGlobalSection
EndGlobal
