
Microsoft Visual Studio Solution File, Format Version 12.00
# Visual Studio Version 17
VisualStudioVersion = 17.7.34024.191
MinimumVisualStudioVersion = 10.0.40219.1
Project("{FAE04EC0-301F-11D3-BF4B-00C04F79EFBC}") = "PlateRecognizerService", "PlateRecognizerService.csproj", "{A072B952-74D9-45A8-9391-7474749657C3}"
EndProject
Global
	GlobalSection(SolutionConfigurationPlatforms) = preSolution
		Debug|Any CPU = Debug|Any CPU
		Release|Any CPU = Release|Any CPU
	EndGlobalSection
	GlobalSection(ProjectConfigurationPlatforms) = postSolution
		{A072B952-74D9-45A8-9391-7474749657C3}.Debug|Any CPU.ActiveCfg = Debug|Any CPU
		{A072B952-74D9-45A8-9391-7474749657C3}.Debug|Any CPU.Build.0 = Debug|Any CPU
		{A072B952-74D9-45A8-9391-7474749657C3}.Release|Any CPU.ActiveCfg = Release|Any CPU
		{A072B952-74D9-45A8-9391-7474749657C3}.Release|Any CPU.Build.0 = Release|Any CPU
	EndGlobalSection
	GlobalSection(SolutionProperties) = preSolution
		HideSolutionNode = FALSE
	EndGlobalSection
	GlobalSection(ExtensibilityGlobals) = postSolution
		SolutionGuid = {1F5D9004-E686-4755-A56F-66236F43FB66}
	EndGlobalSection
EndGlobal
