
Microsoft Visual Studio Solution File, Format Version 12.00
# Visual Studio Version 17
VisualStudioVersion = 17.7.34024.191
MinimumVisualStudioVersion = 10.0.40219.1
Project("{FAE04EC0-301F-11D3-BF4B-00C04F79EFBC}") = "CardDrawing", "CardDrawing.csproj", "{A1895473-E6AE-48FD-9017-31DD267AEED0}"
EndProject
Global
	GlobalSection(SolutionConfigurationPlatforms) = preSolution
		Debug|Any CPU = Debug|Any CPU
		Release|Any CPU = Release|Any CPU
	EndGlobalSection
	GlobalSection(ProjectConfigurationPlatforms) = postSolution
		{A1895473-E6AE-48FD-9017-31DD267AEED0}.Debug|Any CPU.ActiveCfg = Debug|Any CPU
		{A1895473-E6AE-48FD-9017-31DD267AEED0}.Debug|Any CPU.Build.0 = Debug|Any CPU
		{A1895473-E6AE-48FD-9017-31DD267AEED0}.Release|Any CPU.ActiveCfg = Release|Any CPU
		{A1895473-E6AE-48FD-9017-31DD267AEED0}.Release|Any CPU.Build.0 = Release|Any CPU
	EndGlobalSection
	GlobalSection(SolutionProperties) = preSolution
		HideSolutionNode = FALSE
	EndGlobalSection
	GlobalSection(ExtensibilityGlobals) = postSolution
		SolutionGuid = {EDF3C67B-5DE0-4A64-9A18-50AE3DB81E0C}
	EndGlobalSection
EndGlobal
